
Microsoft Visual Studio Solution File, Format Version 12.00
# Visual Studio Version 16
VisualStudioVersion = 16.0.33529.622
MinimumVisualStudioVersion = 10.0.40219.1
Project("{FAE04EC0-301F-11D3-BF4B-00C04F79EFBC}") = "WcfServiceLibrary1", "WcfServiceLibrary1\WcfServiceLibrary1.csproj", "{F82801AF-04E4-41C4-88B4-E42A2F69E5A0}"
EndProject
Project("{FAE04EC0-301F-11D3-BF4B-00C04F79EFBC}") = "WindowsFormsApp1", "WindowsFormsApp1\WindowsFormsApp1.csproj", "{7D6805F9-A627-4D95-BEDA-C50ECA401037}"
	ProjectSection(ProjectDependencies) = postProject
		{F82801AF-04E4-41C4-88B4-E42A2F69E5A0} = {F82801AF-04E4-41C4-88B4-E42A2F69E5A0}
	EndProjectSection
EndProject
Global
	GlobalSection(SolutionConfigurationPlatforms) = preSolution
		Debug|Any CPU = Debug|Any CPU
		Release|Any CPU = Release|Any CPU
	EndGlobalSection
	GlobalSection(ProjectConfigurationPlatforms) = postSolution
		{F82801AF-04E4-41C4-88B4-E42A2F69E5A0}.Debug|Any CPU.ActiveCfg = Debug|Any CPU
		{F82801AF-04E4-41C4-88B4-E42A2F69E5A0}.Debug|Any CPU.Build.0 = Debug|Any CPU
		{F82801AF-04E4-41C4-88B4-E42A2F69E5A0}.Release|Any CPU.ActiveCfg = Release|Any CPU
		{F82801AF-04E4-41C4-88B4-E42A2F69E5A0}.Release|Any CPU.Build.0 = Release|Any CPU
		{7D6805F9-A627-4D95-BEDA-C50ECA401037}.Debug|Any CPU.ActiveCfg = Debug|Any CPU
		{7D6805F9-A627-4D95-BEDA-C50ECA401037}.Debug|Any CPU.Build.0 = Debug|Any CPU
		{7D6805F9-A627-4D95-BEDA-C50ECA401037}.Release|Any CPU.ActiveCfg = Release|Any CPU
		{7D6805F9-A627-4D95-BEDA-C50ECA401037}.Release|Any CPU.Build.0 = Release|Any CPU
	EndGlobalSection
	GlobalSection(SolutionProperties) = preSolution
		HideSolutionNode = FALSE
	EndGlobalSection
	GlobalSection(ExtensibilityGlobals) = postSolution
		SolutionGuid = {CED82C6D-B926-48CE-AF6C-BAA0ADB19685}
	EndGlobalSection
EndGlobal
